// !$*UTF8*$!
{
	archiveVersion = 1;
	classes = {
	};
	objectVersion = 46;
	objects = {

/* Begin PBXBuildFile section */
		1A2A3C3E168772F0008C56B7 /* Cocoa.framework in Frameworks */ = {isa = PBXBuildFile; fileRef = 1A2A3C3D168772F0008C56B7 /* Cocoa.framework */; };
		1A2A3C48168772F0008C56B7 /* InfoPlist.strings in Resources */ = {isa = PBXBuildFile; fileRef = 1A2A3C46168772F0008C56B7 /* InfoPlist.strings */; };
		1A2A3C4A168772F0008C56B7 /* main.m in Sources */ = {isa = PBXBuildFile; fileRef = 1A2A3C49168772F0008C56B7 /* main.m */; };
		1A2A3C4E168772F0008C56B7 /* Credits.rtf in Resources */ = {isa = PBXBuildFile; fileRef = 1A2A3C4C168772F0008C56B7 /* Credits.rtf */; };
		1A2A3C51168772F0008C56B7 /* JRAppDelegate.m in Sources */ = {isa = PBXBuildFile; fileRef = 1A2A3C50168772F0008C56B7 /* JRAppDelegate.m */; };
		1A2A3C54168772F0008C56B7 /* MainMenu.xib in Resources */ = {isa = PBXBuildFile; fileRef = 1A2A3C52168772F0008C56B7 /* MainMenu.xib */; };
		1A9133B71687BD6300DDDAA7 /* readme.md in Resources */ = {isa = PBXBuildFile; fileRef = 1A9133B61687BD6300DDDAA7 /* readme.md */; };
/* End PBXBuildFile section */

/* Begin PBXFileReference section */
		1A2A3C39168772F0008C56B7 /* PersistentPlex.app */ = {isa = PBXFileReference; explicitFileType = wrapper.application; includeInIndex = 0; path = PersistentPlex.app; sourceTree = BUILT_PRODUCTS_DIR; };
		1A2A3C3D168772F0008C56B7 /* Cocoa.framework */ = {isa = PBXFileReference; lastKnownFileType = wrapper.framework; name = Cocoa.framework; path = System/Library/Frameworks/Cocoa.framework; sourceTree = SDKROOT; };
		1A2A3C40168772F0008C56B7 /* AppKit.framework */ = {isa = PBXFileReference; lastKnownFileType = wrapper.framework; name = AppKit.framework; path = System/Library/Frameworks/AppKit.framework; sourceTree = SDKROOT; };
		1A2A3C41168772F0008C56B7 /* CoreData.framework */ = {isa = PBXFileReference; lastKnownFileType = wrapper.framework; name = CoreData.framework; path = System/Library/Frameworks/CoreData.framework; sourceTree = SDKROOT; };
		1A2A3C42168772F0008C56B7 /* Foundation.framework */ = {isa = PBXFileReference; lastKnownFileType = wrapper.framework; name = Foundation.framework; path = System/Library/Frameworks/Foundation.framework; sourceTree = SDKROOT; };
		1A2A3C45168772F0008C56B7 /* PersistentPlex-Info.plist */ = {isa = PBXFileReference; lastKnownFileType = text.plist.xml; path = "PersistentPlex-Info.plist"; sourceTree = "<group>"; };
		1A2A3C47168772F0008C56B7 /* en */ = {isa = PBXFileReference; lastKnownFileType = text.plist.strings; name = en; path = en.lproj/InfoPlist.strings; sourceTree = "<group>"; };
		1A2A3C49168772F0008C56B7 /* main.m */ = {isa = PBXFileReference; lastKnownFileType = sourcecode.c.objc; path = main.m; sourceTree = "<group>"; };
		1A2A3C4B168772F0008C56B7 /* PersistentPlex-Prefix.pch */ = {isa = PBXFileReference; lastKnownFileType = sourcecode.c.h; path = "PersistentPlex-Prefix.pch"; sourceTree = "<group>"; };
		1A2A3C4D168772F0008C56B7 /* en */ = {isa = PBXFileReference; lastKnownFileType = text.rtf; name = en; path = en.lproj/Credits.rtf; sourceTree = "<group>"; };
		1A2A3C4F168772F0008C56B7 /* JRAppDelegate.h */ = {isa = PBXFileReference; lastKnownFileType = sourcecode.c.h; path = JRAppDelegate.h; sourceTree = "<group>"; };
		1A2A3C50168772F0008C56B7 /* JRAppDelegate.m */ = {isa = PBXFileReference; lastKnownFileType = sourcecode.c.objc; path = JRAppDelegate.m; sourceTree = "<group>"; };
		1A2A3C53168772F0008C56B7 /* en */ = {isa = PBXFileReference; lastKnownFileType = file.xib; name = en; path = en.lproj/MainMenu.xib; sourceTree = "<group>"; };
		1A9133B61687BD6300DDDAA7 /* readme.md */ = {isa = PBXFileReference; fileEncoding = 4; lastKnownFileType = text; path = readme.md; sourceTree = "<group>"; };
/* End PBXFileReference section */

/* Begin PBXFrameworksBuildPhase section */
		1A2A3C36168772F0008C56B7 /* Frameworks */ = {
			isa = PBXFrameworksBuildPhase;
			buildActionMask = 2147483647;
			files = (
				1A2A3C3E168772F0008C56B7 /* Cocoa.framework in Frameworks */,
			);
			runOnlyForDeploymentPostprocessing = 0;
		};
/* End PBXFrameworksBuildPhase section */

/* Begin PBXGroup section */
		1A2A3C2E168772F0008C56B7 = {
			isa = PBXGroup;
			children = (
				1A9133B61687BD6300DDDAA7 /* readme.md */,
				1A2A3C43168772F0008C56B7 /* PersistentPlex */,
				1A2A3C3C168772F0008C56B7 /* Frameworks */,
				1A2A3C3A168772F0008C56B7 /* Products */,
			);
			sourceTree = "<group>";
		};
		1A2A3C3A168772F0008C56B7 /* Products */ = {
			isa = PBXGroup;
			children = (
				1A2A3C39168772F0008C56B7 /* PersistentPlex.app */,
			);
			name = Products;
			sourceTree = "<group>";
		};
		1A2A3C3C168772F0008C56B7 /* Frameworks */ = {
			isa = PBXGroup;
			children = (
				1A2A3C3D168772F0008C56B7 /* Cocoa.framework */,
				1A2A3C3F168772F0008C56B7 /* Other Frameworks */,
			);
			name = Frameworks;
			sourceTree = "<group>";
		};
		1A2A3C3F168772F0008C56B7 /* Other Frameworks */ = {
			isa = PBXGroup;
			children = (
				1A2A3C40168772F0008C56B7 /* AppKit.framework */,
				1A2A3C41168772F0008C56B7 /* CoreData.framework */,
				1A2A3C42168772F0008C56B7 /* Foundation.framework */,
			);
			name = "Other Frameworks";
			sourceTree = "<group>";
		};
		1A2A3C43168772F0008C56B7 /* PersistentPlex */ = {
			isa = PBXGroup;
			children = (
				1A2A3C4F168772F0008C56B7 /* JRAppDelegate.h */,
				1A2A3C50168772F0008C56B7 /* JRAppDelegate.m */,
				1A2A3C52168772F0008C56B7 /* MainMenu.xib */,
				1A2A3C44168772F0008C56B7 /* Supporting Files */,
			);
			path = PersistentPlex;
			sourceTree = "<group>";
		};
		1A2A3C44168772F0008C56B7 /* Supporting Files */ = {
			isa = PBXGroup;
			children = (
				1A2A3C45168772F0008C56B7 /* PersistentPlex-Info.plist */,
				1A2A3C46168772F0008C56B7 /* InfoPlist.strings */,
				1A2A3C49168772F0008C56B7 /* main.m */,
				1A2A3C4B168772F0008C56B7 /* PersistentPlex-Prefix.pch */,
				1A2A3C4C168772F0008C56B7 /* Credits.rtf */,
			);
			name = "Supporting Files";
			sourceTree = "<group>";
		};
/* End PBXGroup section */

/* Begin PBXNativeTarget section */
		1A2A3C38168772F0008C56B7 /* PersistentPlex */ = {
			isa = PBXNativeTarget;
			buildConfigurationList = 1A2A3C57168772F0008C56B7 /* Build configuration list for PBXNativeTarget "PersistentPlex" */;
			buildPhases = (
				1A2A3C35168772F0008C56B7 /* Sources */,
				1A2A3C36168772F0008C56B7 /* Frameworks */,
				1A2A3C37168772F0008C56B7 /* Resources */,
			);
			buildRules = (
			);
			dependencies = (
			);
			name = PersistentPlex;
			productName = PersistentPlex;
			productReference = 1A2A3C39168772F0008C56B7 /* PersistentPlex.app */;
			productType = "com.apple.product-type.application";
		};
/* End PBXNativeTarget section */

/* Begin PBXProject section */
		1A2A3C30168772F0008C56B7 /* Project object */ = {
			isa = PBXProject;
			attributes = {
				CLASSPREFIX = JR;
				LastUpgradeCheck = 0450;
				ORGANIZATIONNAME = "James Reuss";
			};
			buildConfigurationList = 1A2A3C33168772F0008C56B7 /* Build configuration list for PBXProject "PersistentPlex" */;
			compatibilityVersion = "Xcode 3.2";
			developmentRegion = English;
			hasScannedForEncodings = 0;
			knownRegions = (
				en,
			);
			mainGroup = 1A2A3C2E168772F0008C56B7;
			productRefGroup = 1A2A3C3A168772F0008C56B7 /* Products */;
			projectDirPath = "";
			projectRoot = "";
			targets = (
				1A2A3C38168772F0008C56B7 /* PersistentPlex */,
			);
		};
/* End PBXProject section */

/* Begin PBXResourcesBuildPhase section */
		1A2A3C37168772F0008C56B7 /* Resources */ = {
			isa = PBXResourcesBuildPhase;
			buildActionMask = 2147483647;
			files = (
				1A2A3C48168772F0008C56B7 /* InfoPlist.strings in Resources */,
				1A2A3C4E168772F0008C56B7 /* Credits.rtf in Resources */,
				1A2A3C54168772F0008C56B7 /* MainMenu.xib in Resources */,
				1A9133B71687BD6300DDDAA7 /* readme.md in Resources */,
			);
			runOnlyForDeploymentPostprocessing = 0;
		};
/* End PBXResourcesBuildPhase section */

/* Begin PBXSourcesBuildPhase section */
		1A2A3C35168772F0008C56B7 /* Sources */ = {
			isa = PBXSourcesBuildPhase;
			buildActionMask = 2147483647;
			files = (
				1A2A3C4A168772F0008C56B7 /* main.m in Sources */,
				1A2A3C51168772F0008C56B7 /* JRAppDelegate.m in Sources */,
			);
			runOnlyForDeploymentPostprocessing = 0;
		};
/* End PBXSourcesBuildPhase section */

/* Begin PBXVariantGroup section */
		1A2A3C46168772F0008C56B7 /* InfoPlist.strings */ = {
			isa = PBXVariantGroup;
			children = (
				1A2A3C47168772F0008C56B7 /* en */,
			);
			name = InfoPlist.strings;
			sourceTree = "<group>";
		};
		1A2A3C4C168772F0008C56B7 /* Credits.rtf */ = {
			isa = PBXVariantGroup;
			children = (
				1A2A3C4D168772F0008C56B7 /* en */,
			);
			name = Credits.rtf;
			sourceTree = "<group>";
		};
		1A2A3C52168772F0008C56B7 /* MainMenu.xib */ = {
			isa = PBXVariantGroup;
			children = (
				1A2A3C53168772F0008C56B7 /* en */,
			);
			name = MainMenu.xib;
			sourceTree = "<group>";
		};
/* End PBXVariantGroup section */

/* Begin XCBuildConfiguration section */
		1A2A3C55168772F0008C56B7 /* Debug */ = {
			isa = XCBuildConfiguration;
			buildSettings = {
				ALWAYS_SEARCH_USER_PATHS = NO;
				ARCHS = "$(ARCHS_STANDARD_64_BIT)";
				CLANG_CXX_LANGUAGE_STANDARD = "gnu++0x";
				CLANG_CXX_LIBRARY = "libc++";
				CLANG_WARN_EMPTY_BODY = YES;
				CLANG_WARN__DUPLICATE_METHOD_MATCH = YES;
				COPY_PHASE_STRIP = NO;
				GCC_C_LANGUAGE_STANDARD = gnu99;
				GCC_DYNAMIC_NO_PIC = NO;
				GCC_ENABLE_OBJC_EXCEPTIONS = YES;
				GCC_OPTIMIZATION_LEVEL = 0;
				GCC_PREPROCESSOR_DEFINITIONS = (
					"DEBUG=1",
					"$(inherited)",
				);
				GCC_SYMBOLS_PRIVATE_EXTERN = NO;
				GCC_WARN_64_TO_32_BIT_CONVERSION = YES;
				GCC_WARN_ABOUT_RETURN_TYPE = YES;
				GCC_WARN_UNINITIALIZED_AUTOS = YES;
				GCC_WARN_UNUSED_VARIABLE = YES;
				MACOSX_DEPLOYMENT_TARGET = 10.8;
				ONLY_ACTIVE_ARCH = YES;
				SDKROOT = macosx;
			};
			name = Debug;
		};
		1A2A3C56168772F0008C56B7 /* Release */ = {
			isa = XCBuildConfiguration;
			buildSettings = {
				ALWAYS_SEARCH_USER_PATHS = NO;
				ARCHS = "$(ARCHS_STANDARD_64_BIT)";
				CLANG_CXX_LANGUAGE_STANDARD = "gnu++0x";
				CLANG_CXX_LIBRARY = "libc++";
				CLANG_WARN_EMPTY_BODY = YES;
				CLANG_WARN__DUPLICATE_METHOD_MATCH = YES;
				COPY_PHASE_STRIP = YES;
				DEBUG_INFORMATION_FORMAT = "dwarf-with-dsym";
				GCC_C_LANGUAGE_STANDARD = gnu99;
				GCC_ENABLE_OBJC_EXCEPTIONS = YES;
				GCC_WARN_64_TO_32_BIT_CONVERSION = YES;
				GCC_WARN_ABOUT_RETURN_TYPE = YES;
				GCC_WARN_UNINITIALIZED_AUTOS = YES;
				GCC_WARN_UNUSED_VARIABLE = YES;
				MACOSX_DEPLOYMENT_TARGET = 10.8;
				SDKROOT = macosx;
			};
			name = Release;
		};
		1A2A3C58168772F0008C56B7 /* Debug */ = {
			isa = XCBuildConfiguration;
			buildSettings = {
				COMBINE_HIDPI_IMAGES = YES;
				GCC_PRECOMPILE_PREFIX_HEADER = YES;
				GCC_PREFIX_HEADER = "PersistentPlex/PersistentPlex-Prefix.pch";
				INFOPLIST_FILE = "PersistentPlex/PersistentPlex-Info.plist";
				PRODUCT_NAME = "$(TARGET_NAME)";
				WRAPPER_EXTENSION = app;
			};
			name = Debug;
		};
		1A2A3C59168772F0008C56B7 /* Release */ = {
			isa = XCBuildConfiguration;
			buildSettings = {
				COMBINE_HIDPI_IMAGES = YES;
				GCC_PRECOMPILE_PREFIX_HEADER = YES;
				GCC_PREFIX_HEADER = "PersistentPlex/PersistentPlex-Prefix.pch";
				INFOPLIST_FILE = "PersistentPlex/PersistentPlex-Info.plist";
				PRODUCT_NAME = "$(TARGET_NAME)";
				WRAPPER_EXTENSION = app;
			};
			name = Release;
		};
/* End XCBuildConfiguration section */

/* Begin XCConfigurationList section */
		1A2A3C33168772F0008C56B7 /* Build configuration list for PBXProject "PersistentPlex" */ = {
			isa = XCConfigurationList;
			buildConfigurations = (
				1A2A3C55168772F0008C56B7 /* Debug */,
				1A2A3C56168772F0008C56B7 /* Release */,
			);
			defaultConfigurationIsVisible = 0;
			defaultConfigurationName = Release;
		};
		1A2A3C57168772F0008C56B7 /* Build configuration list for PBXNativeTarget "PersistentPlex" */ = {
			isa = XCConfigurationList;
			buildConfigurations = (
				1A2A3C58168772F0008C56B7 /* Debug */,
				1A2A3C59168772F0008C56B7 /* Release */,
			);
			defaultConfigurationIsVisible = 0;
			defaultConfigurationName = Release;
		};
/* End XCConfigurationList section */
	};
	rootObject = 1A2A3C30168772F0008C56B7 /* Project object */;
}
